
Microsoft Visual Studio Solution File, Format Version 12.00
# Visual Studio Version 16
VisualStudioVersion = 16.0.30907.101
MinimumVisualStudioVersion = 10.0.40219.1
Project("{FAE04EC0-301F-11D3-BF4B-00C04F79EFBC}") = "AwtsAPI", "AwtsAPI.csproj", "{A90469B6-1B0B-470D-B961-59EBA144D105}"
EndProject
Project("{FAE04EC0-301F-11D3-BF4B-00C04F79EFBC}") = "AWTS.DAL", "..\AWTS.DAL\AWTS.DAL.csproj", "{0F6F46FB-496D-460B-8225-32A9B8022F08}"
EndProject
Project("{FAE04EC0-301F-11D3-BF4B-00C04F79EFBC}") = "AWTS.BLL", "..\AWTS.BLL\AWTS.BLL.csproj", "{36E6A353-C39E-48AB-8E53-D784C59C9527}"
EndProject
Global
	GlobalSection(SolutionConfigurationPlatforms) = preSolution
		Debug|Any CPU = Debug|Any CPU
		Release|Any CPU = Release|Any CPU
	EndGlobalSection
	GlobalSection(ProjectConfigurationPlatforms) = postSolution
		{A90469B6-1B0B-470D-B961-59EBA144D105}.Debug|Any CPU.ActiveCfg = Debug|Any CPU
		{A90469B6-1B0B-470D-B961-59EBA144D105}.Debug|Any CPU.Build.0 = Debug|Any CPU
		{A90469B6-1B0B-470D-B961-59EBA144D105}.Release|Any CPU.ActiveCfg = Release|Any CPU
		{A90469B6-1B0B-470D-B961-59EBA144D105}.Release|Any CPU.Build.0 = Release|Any CPU
		{0F6F46FB-496D-460B-8225-32A9B8022F08}.Debug|Any CPU.ActiveCfg = Debug|Any CPU
		{0F6F46FB-496D-460B-8225-32A9B8022F08}.Debug|Any CPU.Build.0 = Debug|Any CPU
		{0F6F46FB-496D-460B-8225-32A9B8022F08}.Release|Any CPU.ActiveCfg = Release|Any CPU
		{0F6F46FB-496D-460B-8225-32A9B8022F08}.Release|Any CPU.Build.0 = Release|Any CPU
		{36E6A353-C39E-48AB-8E53-D784C59C9527}.Debug|Any CPU.ActiveCfg = Debug|Any CPU
		{36E6A353-C39E-48AB-8E53-D784C59C9527}.Debug|Any CPU.Build.0 = Debug|Any CPU
		{36E6A353-C39E-48AB-8E53-D784C59C9527}.Release|Any CPU.ActiveCfg = Release|Any CPU
		{36E6A353-C39E-48AB-8E53-D784C59C9527}.Release|Any CPU.Build.0 = Release|Any CPU
	EndGlobalSection
	GlobalSection(SolutionProperties) = preSolution
		HideSolutionNode = FALSE
	EndGlobalSection
	GlobalSection(ExtensibilityGlobals) = postSolution
		SolutionGuid = {CD05E169-55A0-4775-97AC-CBAE08074C42}
	EndGlobalSection
EndGlobal
